// !$*UTF8*$!
{
	archiveVersion = 1;
	classes = {
	};
	objectVersion = 52;
	objects = {

/* Begin PBXBuildFile section */
		00117C4426600671005E517C /* Assets.swift in Sources */ = {isa = PBXBuildFile; fileRef = 00117C4326600671005E517C /* Assets.swift */; };
		0842CDFB23A9FDD000D14BD4 /* GlobalKeybindingPreferences.swift in Sources */ = {isa = PBXBuildFile; fileRef = 0842CDFA23A9FDD000D14BD4 /* GlobalKeybindingPreferences.swift */; };
		08A5F85C23AA013100981CA5 /* SettingsStore.swift in Sources */ = {isa = PBXBuildFile; fileRef = 08A5F85B23AA013100981CA5 /* SettingsStore.swift */; };
		08A5F85F23AA01EE00981CA5 /* HotKey in Frameworks */ = {isa = PBXBuildFile; productRef = 08A5F85E23AA01EE00981CA5 /* HotKey */; };
		08A5F86123AA085B00981CA5 /* LaunchAtLoginService.swift in Sources */ = {isa = PBXBuildFile; fileRef = 08A5F86023AA085B00981CA5 /* LaunchAtLoginService.swift */; };
		08A5F86423AA09F300981CA5 /* UserDefault+Extension.swift in Sources */ = {isa = PBXBuildFile; fileRef = 08A5F86323AA09F300981CA5 /* UserDefault+Extension.swift */; };
		08C20FE023AB44E60035D978 /* Bundle+Extension.swift in Sources */ = {isa = PBXBuildFile; fileRef = 08C20FDF23AB44E60035D978 /* Bundle+Extension.swift */; };
		BB00000100000001 /* SpeakeasyApp.swift in Sources */ = {isa = PBXBuildFile; fileRef = BB00001100000001 /* SpeakeasyApp.swift */; };
		BB00000100000002 /* PreferencesView.swift in Sources */ = {isa = PBXBuildFile; fileRef = BB00001100000002 /* PreferencesView.swift */; };
		BB00000100000003 /* GeneralSettingsView.swift in Sources */ = {isa = PBXBuildFile; fileRef = BB00001100000003 /* GeneralSettingsView.swift */; };
		BB00000100000004 /* AboutView.swift in Sources */ = {isa = PBXBuildFile; fileRef = BB00001100000004 /* AboutView.swift */; };
		BB00000100000005 /* MenuBarDiagramView.swift in Sources */ = {isa = PBXBuildFile; fileRef = BB00001100000005 /* MenuBarDiagramView.swift */; };
		BB00000100000006 /* ShortcutRecorderView.swift in Sources */ = {isa = PBXBuildFile; fileRef = BB00001100000006 /* ShortcutRecorderView.swift */; };
		929113F521F9D04100173149 /* AppDelegate.swift in Sources */ = {isa = PBXBuildFile; fileRef = 929113F421F9D04100173149 /* AppDelegate.swift */; };
		929113F921F9D04200173149 /* Assets.xcassets in Resources */ = {isa = PBXBuildFile; fileRef = 929113F821F9D04200173149 /* Assets.xcassets */; };
		92C97B88220032ED0007559C /* HotKeyService.swift in Sources */ = {isa = PBXBuildFile; fileRef = 92C97B87220032ED0007559C /* HotKeyService.swift */; };
		92C97B9122018C1F0007559C /* StatusBarCoordinator.swift in Sources */ = {isa = PBXBuildFile; fileRef = 92C97B9022018C1F0007559C /* StatusBarCoordinator.swift */; };
		AAAA000100000001 /* StatusBarItemManager.swift in Sources */ = {isa = PBXBuildFile; fileRef = AAAA000200000001 /* StatusBarItemManager.swift */; };
		AAAA000100000002 /* AutoCollapseTimer.swift in Sources */ = {isa = PBXBuildFile; fileRef = AAAA000200000002 /* AutoCollapseTimer.swift */; };
		967F4B2524169BC800F18D3C /* String+Extension.swift in Sources */ = {isa = PBXBuildFile; fileRef = 967F4B2424169BC800F18D3C /* String+Extension.swift */; };
		967F4B2824169CAF00F18D3C /* Localizable.strings in Resources */ = {isa = PBXBuildFile; fileRef = 967F4B2A24169CAF00F18D3C /* Localizable.strings */; };
		BB00000100000010 /* NSApplication+Settings.swift in Sources */ = {isa = PBXBuildFile; fileRef = BB00001100000010 /* NSApplication+Settings.swift */; };
		BB00000100000011 /* GlobalKeybindPreferences+NSEvent.swift in Sources */ = {isa = PBXBuildFile; fileRef = BB00001100000011 /* GlobalKeybindPreferences+NSEvent.swift */; };
		CC00000100000001 /* ApplicationActivationService.swift in Sources */ = {isa = PBXBuildFile; fileRef = CC00001100000001 /* ApplicationActivationService.swift */; };
		DD00000100000001 /* SettingsStoreTests.swift in Sources */ = {isa = PBXBuildFile; fileRef = DD00001100000001 /* SettingsStoreTests.swift */; };
		DD00000100000002 /* GlobalKeybindPreferencesTests.swift in Sources */ = {isa = PBXBuildFile; fileRef = DD00001100000002 /* GlobalKeybindPreferencesTests.swift */; };
		DD00000100000003 /* HotKeyServicingTests.swift in Sources */ = {isa = PBXBuildFile; fileRef = DD00001100000003 /* HotKeyServicingTests.swift */; };
		DD00000100000004 /* StatusBarCoordinatorTests.swift in Sources */ = {isa = PBXBuildFile; fileRef = DD00001100000004 /* StatusBarCoordinatorTests.swift */; };
/* End PBXBuildFile section */

/* Begin PBXContainerItemProxy section */
		DD00006100000001 /* PBXContainerItemProxy */ = {
			isa = PBXContainerItemProxy;
			containerPortal = 929113E921F9D04100173149 /* Project object */;
			proxyType = 1;
			remoteGlobalIDString = 929113F021F9D04100173149;
			remoteInfo = Speakeasy;
		};
/* End PBXContainerItemProxy section */

/* End PBXCopyFilesBuildPhase section */

/* Begin PBXFileReference section */
		00117C4326600671005E517C /* Assets.swift */ = {isa = PBXFileReference; lastKnownFileType = sourcecode.swift; path = Assets.swift; sourceTree = "<group>"; };
		0842CDFA23A9FDD000D14BD4 /* GlobalKeybindingPreferences.swift */ = {isa = PBXFileReference; lastKnownFileType = sourcecode.swift; path = GlobalKeybindingPreferences.swift; sourceTree = "<group>"; };
		08A5F85B23AA013100981CA5 /* SettingsStore.swift */ = {isa = PBXFileReference; lastKnownFileType = sourcecode.swift; path = SettingsStore.swift; sourceTree = "<group>"; };
		08A5F86023AA085B00981CA5 /* LaunchAtLoginService.swift */ = {isa = PBXFileReference; lastKnownFileType = sourcecode.swift; path = LaunchAtLoginService.swift; sourceTree = "<group>"; };
		08A5F86323AA09F300981CA5 /* UserDefault+Extension.swift */ = {isa = PBXFileReference; lastKnownFileType = sourcecode.swift; path = "UserDefault+Extension.swift"; sourceTree = "<group>"; };
		08C20FDF23AB44E60035D978 /* Bundle+Extension.swift */ = {isa = PBXFileReference; lastKnownFileType = sourcecode.swift; path = "Bundle+Extension.swift"; sourceTree = "<group>"; };
		55188DF9279A737900A92772 /* hr */ = {isa = PBXFileReference; lastKnownFileType = text.plist.strings; name = hr; path = hr.lproj/Localizable.strings; sourceTree = "<group>"; };
		55D9B6B72660F153007AF073 /* vi */ = {isa = PBXFileReference; lastKnownFileType = text.plist.strings; name = vi; path = vi.lproj/Localizable.strings; sourceTree = "<group>"; };
		55D9B6BA2661DEDA007AF073 /* ar */ = {isa = PBXFileReference; lastKnownFileType = text.plist.strings; name = ar; path = ar.lproj/Localizable.strings; sourceTree = "<group>"; };
		55D9B6BD2661DEE8007AF073 /* de */ = {isa = PBXFileReference; lastKnownFileType = text.plist.strings; name = de; path = de.lproj/Localizable.strings; sourceTree = "<group>"; };
		9220587D22127050008A8B03 /* Speakeasy.entitlements */ = {isa = PBXFileReference; lastKnownFileType = text.plist.entitlements; name = Speakeasy.entitlements; path = hidden/Speakeasy.entitlements; sourceTree = "<group>"; };
		929113F121F9D04100173149 /* Speakeasy.app */ = {isa = PBXFileReference; explicitFileType = wrapper.application; includeInIndex = 0; path = Speakeasy.app; sourceTree = BUILT_PRODUCTS_DIR; };
		929113F421F9D04100173149 /* AppDelegate.swift */ = {isa = PBXFileReference; lastKnownFileType = sourcecode.swift; path = AppDelegate.swift; sourceTree = "<group>"; };
		929113F821F9D04200173149 /* Assets.xcassets */ = {isa = PBXFileReference; lastKnownFileType = folder.assetcatalog; path = Assets.xcassets; sourceTree = "<group>"; };
		929113FD21F9D04200173149 /* Info.plist */ = {isa = PBXFileReference; lastKnownFileType = text.plist.xml; path = Info.plist; sourceTree = "<group>"; };
		92C97B87220032ED0007559C /* HotKeyService.swift */ = {isa = PBXFileReference; lastKnownFileType = sourcecode.swift; path = HotKeyService.swift; sourceTree = "<group>"; };
		92C97B9022018C1F0007559C /* StatusBarCoordinator.swift */ = {isa = PBXFileReference; lastKnownFileType = sourcecode.swift; path = StatusBarCoordinator.swift; sourceTree = "<group>"; };
		AAAA000200000001 /* StatusBarItemManager.swift */ = {isa = PBXFileReference; lastKnownFileType = sourcecode.swift; path = StatusBarItemManager.swift; sourceTree = "<group>"; };
		AAAA000200000002 /* AutoCollapseTimer.swift */ = {isa = PBXFileReference; lastKnownFileType = sourcecode.swift; path = AutoCollapseTimer.swift; sourceTree = "<group>"; };
		967F4B2424169BC800F18D3C /* String+Extension.swift */ = {isa = PBXFileReference; lastKnownFileType = sourcecode.swift; path = "String+Extension.swift"; sourceTree = "<group>"; };
		967F4B2924169CAF00F18D3C /* en */ = {isa = PBXFileReference; lastKnownFileType = text.plist.strings; name = en; path = en.lproj/Localizable.strings; sourceTree = "<group>"; };
		967F4B2B24169CB200F18D3C /* zh-Hans */ = {isa = PBXFileReference; lastKnownFileType = text.plist.strings; name = "zh-Hans"; path = "zh-Hans.lproj/Localizable.strings"; sourceTree = "<group>"; };
		967F4B2C24169CB400F18D3C /* ja */ = {isa = PBXFileReference; lastKnownFileType = text.plist.strings; name = ja; path = ja.lproj/Localizable.strings; sourceTree = "<group>"; };
		B1326445261D7E0200319D35 /* fr */ = {isa = PBXFileReference; lastKnownFileType = text.plist.strings; name = fr; path = fr.lproj/Localizable.strings; sourceTree = "<group>"; };
		FF57A44B25E6C50200988FC2 /* zh-Hant */ = {isa = PBXFileReference; lastKnownFileType = text.plist.strings; name = "zh-Hant"; path = "zh-Hant.lproj/Localizable.strings"; sourceTree = "<group>"; };
		BB00001100000001 /* SpeakeasyApp.swift */ = {isa = PBXFileReference; lastKnownFileType = sourcecode.swift; path = SpeakeasyApp.swift; sourceTree = "<group>"; };
		BB00001100000002 /* PreferencesView.swift */ = {isa = PBXFileReference; lastKnownFileType = sourcecode.swift; path = PreferencesView.swift; sourceTree = "<group>"; };
		BB00001100000003 /* GeneralSettingsView.swift */ = {isa = PBXFileReference; lastKnownFileType = sourcecode.swift; path = GeneralSettingsView.swift; sourceTree = "<group>"; };
		BB00001100000004 /* AboutView.swift */ = {isa = PBXFileReference; lastKnownFileType = sourcecode.swift; path = AboutView.swift; sourceTree = "<group>"; };
		BB00001100000005 /* MenuBarDiagramView.swift */ = {isa = PBXFileReference; lastKnownFileType = sourcecode.swift; path = MenuBarDiagramView.swift; sourceTree = "<group>"; };
		BB00001100000006 /* ShortcutRecorderView.swift */ = {isa = PBXFileReference; lastKnownFileType = sourcecode.swift; path = ShortcutRecorderView.swift; sourceTree = "<group>"; };
		BB00001100000010 /* NSApplication+Settings.swift */ = {isa = PBXFileReference; lastKnownFileType = sourcecode.swift; path = "NSApplication+Settings.swift"; sourceTree = "<group>"; };
		BB00001100000011 /* GlobalKeybindPreferences+NSEvent.swift */ = {isa = PBXFileReference; lastKnownFileType = sourcecode.swift; path = "GlobalKeybindPreferences+NSEvent.swift"; sourceTree = "<group>"; };
		CC00001100000001 /* ApplicationActivationService.swift */ = {isa = PBXFileReference; lastKnownFileType = sourcecode.swift; path = ApplicationActivationService.swift; sourceTree = "<group>"; };
		DD00001100000001 /* SettingsStoreTests.swift */ = {isa = PBXFileReference; lastKnownFileType = sourcecode.swift; path = SettingsStoreTests.swift; sourceTree = "<group>"; };
		DD00001100000002 /* GlobalKeybindPreferencesTests.swift */ = {isa = PBXFileReference; lastKnownFileType = sourcecode.swift; path = GlobalKeybindPreferencesTests.swift; sourceTree = "<group>"; };
		DD00001100000003 /* HotKeyServicingTests.swift */ = {isa = PBXFileReference; lastKnownFileType = sourcecode.swift; path = HotKeyServicingTests.swift; sourceTree = "<group>"; };
		DD00001100000004 /* StatusBarCoordinatorTests.swift */ = {isa = PBXFileReference; lastKnownFileType = sourcecode.swift; path = StatusBarCoordinatorTests.swift; sourceTree = "<group>"; };
		DD00001100000005 /* SpeakeasyTests.xctest */ = {isa = PBXFileReference; explicitFileType = wrapper.cfbundle; includeInIndex = 0; path = SpeakeasyTests.xctest; sourceTree = BUILT_PRODUCTS_DIR; };
/* End PBXFileReference section */

/* Begin PBXFrameworksBuildPhase section */
		929113EE21F9D04100173149 /* Frameworks */ = {
			isa = PBXFrameworksBuildPhase;
			buildActionMask = 2147483647;
			files = (
				08A5F85F23AA01EE00981CA5 /* HotKey in Frameworks */,
			);
			runOnlyForDeploymentPostprocessing = 0;
		};
		DD00004200000001 /* Frameworks */ = {
			isa = PBXFrameworksBuildPhase;
			buildActionMask = 2147483647;
			files = (
			);
			runOnlyForDeploymentPostprocessing = 0;
		};
/* End PBXFrameworksBuildPhase section */

/* Begin PBXGroup section */
		0842CDF923A9FDB900D14BD4 /* Settings */ = {
			isa = PBXGroup;
			children = (
				0842CDFA23A9FDD000D14BD4 /* GlobalKeybindingPreferences.swift */,
				08A5F85B23AA013100981CA5 /* SettingsStore.swift */,
			);
			path = Settings;
			sourceTree = "<group>";
		};
		0842CDFC23A9FF6D00D14BD4 /* Features */ = {
			isa = PBXGroup;
			children = (
				0842CDFE23A9FF7C00D14BD4 /* Preferences */,
				0842CDFD23A9FF7500D14BD4 /* StatusBar */,
			);
			path = Features;
			sourceTree = "<group>";
		};
		0842CDFD23A9FF7500D14BD4 /* StatusBar */ = {
			isa = PBXGroup;
			children = (
				92C97B9022018C1F0007559C /* StatusBarCoordinator.swift */,
				AAAA000200000001 /* StatusBarItemManager.swift */,
				AAAA000200000002 /* AutoCollapseTimer.swift */,
			);
			path = StatusBar;
			sourceTree = "<group>";
		};
		0842CDFE23A9FF7C00D14BD4 /* Preferences */ = {
			isa = PBXGroup;
			children = (
				BB00001100000002 /* PreferencesView.swift */,
				BB00001100000003 /* GeneralSettingsView.swift */,
				BB00001100000004 /* AboutView.swift */,
				BB00001100000005 /* MenuBarDiagramView.swift */,
				BB00001100000006 /* ShortcutRecorderView.swift */,
			);
			path = Preferences;
			sourceTree = "<group>";
		};
		08A5F86223AA09D900981CA5 /* Extensions */ = {
			isa = PBXGroup;
			children = (
				08A5F86323AA09F300981CA5 /* UserDefault+Extension.swift */,
				08C20FDF23AB44E60035D978 /* Bundle+Extension.swift */,
				967F4B2424169BC800F18D3C /* String+Extension.swift */,
				BB00001100000010 /* NSApplication+Settings.swift */,
				BB00001100000011 /* GlobalKeybindPreferences+NSEvent.swift */,
			);
			path = Extensions;
			sourceTree = "<group>";
		};
		08C20FDC23AABC440035D978 /* Services */ = {
			isa = PBXGroup;
			children = (
				CC00001100000001 /* ApplicationActivationService.swift */,
				08A5F86023AA085B00981CA5 /* LaunchAtLoginService.swift */,
				92C97B87220032ED0007559C /* HotKeyService.swift */,
			);
			path = Services;
			sourceTree = "<group>";
		};
		9267D3212201A49200EFFCE2 /* Shared */ = {
			isa = PBXGroup;
			children = (
				00117C4326600671005E517C /* Assets.swift */,
				08A5F86223AA09D900981CA5 /* Extensions */,
			);
			path = Shared;
			sourceTree = "<group>";
		};
		CC00000000000001 /* Core */ = {
			isa = PBXGroup;
			children = (
				0842CDF923A9FDB900D14BD4 /* Settings */,
				08C20FDC23AABC440035D978 /* Services */,
			);
			path = Core;
			sourceTree = "<group>";
		};
		929113E821F9D04100173149 = {
			isa = PBXGroup;
			children = (
				9220587D22127050008A8B03 /* Speakeasy.entitlements */,
				929113F321F9D04100173149 /* Speakeasy */,
				DD00002100000001 /* SpeakeasyTests */,
				929113F221F9D04100173149 /* Products */,
			);
			sourceTree = "<group>";
		};
		929113F221F9D04100173149 /* Products */ = {
			isa = PBXGroup;
			children = (
				929113F121F9D04100173149 /* Speakeasy.app */,
				DD00001100000005 /* SpeakeasyTests.xctest */,
			);
			name = Products;
			sourceTree = "<group>";
		};
		929113F321F9D04100173149 /* Speakeasy */ = {
			isa = PBXGroup;
			children = (
				92C97B89220049B30007559C /* Application */,
				CC00000000000001 /* Core */,
				0842CDFC23A9FF6D00D14BD4 /* Features */,
				9267D3212201A49200EFFCE2 /* Shared */,
				929113F821F9D04200173149 /* Assets.xcassets */,
				929113FD21F9D04200173149 /* Info.plist */,
				967F4B2A24169CAF00F18D3C /* Localizable.strings */,
			);
			name = Speakeasy;
			path = hidden;
			sourceTree = "<group>";
		};
		92C97B89220049B30007559C /* Application */ = {
			isa = PBXGroup;
			children = (
				BB00001100000001 /* SpeakeasyApp.swift */,
				929113F421F9D04100173149 /* AppDelegate.swift */,
			);
			path = Application;
			sourceTree = "<group>";
		};
		DD00002100000001 /* SpeakeasyTests */ = {
			isa = PBXGroup;
			children = (
				DD00001100000001 /* SettingsStoreTests.swift */,
				DD00001100000002 /* GlobalKeybindPreferencesTests.swift */,
				DD00001100000003 /* HotKeyServicingTests.swift */,
				DD00001100000004 /* StatusBarCoordinatorTests.swift */,
			);
			path = SpeakeasyTests;
			sourceTree = "<group>";
		};
/* End PBXGroup section */

/* Begin PBXNativeTarget section */
		929113F021F9D04100173149 /* Speakeasy */ = {
			isa = PBXNativeTarget;
			buildConfigurationList = 9291141721F9D04200173149 /* Build configuration list for PBXNativeTarget "Speakeasy" */;
			buildPhases = (
				929113ED21F9D04100173149 /* Sources */,
				929113EE21F9D04100173149 /* Frameworks */,
				929113EF21F9D04100173149 /* Resources */,
			);
			buildRules = (
			);
			dependencies = (
			);
			name = Speakeasy;
			packageProductDependencies = (
				08A5F85E23AA01EE00981CA5 /* HotKey */,
			);
			productName = Speakeasy;
			productReference = 929113F121F9D04100173149 /* Speakeasy.app */;
			productType = "com.apple.product-type.application";
		};
		DD00003100000001 /* SpeakeasyTests */ = {
			isa = PBXNativeTarget;
			buildConfigurationList = DD00005100000001 /* Build configuration list for PBXNativeTarget "SpeakeasyTests" */;
			buildPhases = (
				DD00004100000001 /* Sources */,
				DD00004200000001 /* Frameworks */,
				DD00004300000001 /* Resources */,
			);
			buildRules = (
			);
			dependencies = (
				DD00006200000001 /* PBXTargetDependency */,
			);
			name = SpeakeasyTests;
			productName = SpeakeasyTests;
			productReference = DD00001100000005 /* SpeakeasyTests.xctest */;
			productType = "com.apple.product-type.bundle.unit-test";
		};
/* End PBXNativeTarget section */

/* Begin PBXProject section */
		929113E921F9D04100173149 /* Project object */ = {
			isa = PBXProject;
			attributes = {
				LastSwiftUpdateCheck = 1010;
				LastUpgradeCheck = 1130;
				TargetAttributes = {
					929113F021F9D04100173149 = {
						CreatedOnToolsVersion = 10.1;
						LastSwiftMigration = 1130;
						SystemCapabilities = {
							com.apple.Sandbox = {
								enabled = 1;
							};
						};
					};
					DD00003100000001 = {
						CreatedOnToolsVersion = 16.0;
						TestTargetID = 929113F021F9D04100173149;
					};
				};
			};
			buildConfigurationList = 929113EC21F9D04100173149 /* Build configuration list for PBXProject "Speakeasy" */;
			compatibilityVersion = "Xcode 9.3";
			developmentRegion = en;
			hasScannedForEncodings = 0;
			knownRegions = (
				en,
				Base,
				"zh-Hans",
				ja,
				"zh-Hant",
				fr,
				vi,
				ar,
				de,
				hr,
			);
			mainGroup = 929113E821F9D04100173149;
			packageReferences = (
				08A5F85D23AA01EE00981CA5 /* XCRemoteSwiftPackageReference "HotKey" */,
			);
			productRefGroup = 929113F221F9D04100173149 /* Products */;
			projectDirPath = "";
			projectRoot = "";
			targets = (
				929113F021F9D04100173149 /* Speakeasy */,
				DD00003100000001 /* SpeakeasyTests */,
			);
		};
/* End PBXProject section */

/* Begin PBXResourcesBuildPhase section */
		929113EF21F9D04100173149 /* Resources */ = {
			isa = PBXResourcesBuildPhase;
			buildActionMask = 2147483647;
			files = (
				929113F921F9D04200173149 /* Assets.xcassets in Resources */,
				967F4B2824169CAF00F18D3C /* Localizable.strings in Resources */,
			);
			runOnlyForDeploymentPostprocessing = 0;
		};
		DD00004300000001 /* Resources */ = {
			isa = PBXResourcesBuildPhase;
			buildActionMask = 2147483647;
			files = (
			);
			runOnlyForDeploymentPostprocessing = 0;
		};
/* End PBXResourcesBuildPhase section */

/* Begin PBXSourcesBuildPhase section */
		929113ED21F9D04100173149 /* Sources */ = {
			isa = PBXSourcesBuildPhase;
			buildActionMask = 2147483647;
			files = (
				CC00000100000001 /* ApplicationActivationService.swift in Sources */,
				08C20FE023AB44E60035D978 /* Bundle+Extension.swift in Sources */,
				08A5F85C23AA013100981CA5 /* SettingsStore.swift in Sources */,
				08A5F86123AA085B00981CA5 /* LaunchAtLoginService.swift in Sources */,
				92C97B9122018C1F0007559C /* StatusBarCoordinator.swift in Sources */,
				AAAA000100000001 /* StatusBarItemManager.swift in Sources */,
				AAAA000100000002 /* AutoCollapseTimer.swift in Sources */,
				BB00000100000001 /* SpeakeasyApp.swift in Sources */,
				929113F521F9D04100173149 /* AppDelegate.swift in Sources */,
				BB00000100000002 /* PreferencesView.swift in Sources */,
				BB00000100000003 /* GeneralSettingsView.swift in Sources */,
				BB00000100000004 /* AboutView.swift in Sources */,
				BB00000100000005 /* MenuBarDiagramView.swift in Sources */,
				BB00000100000006 /* ShortcutRecorderView.swift in Sources */,
				92C97B88220032ED0007559C /* HotKeyService.swift in Sources */,
				967F4B2524169BC800F18D3C /* String+Extension.swift in Sources */,
				00117C4426600671005E517C /* Assets.swift in Sources */,
				0842CDFB23A9FDD000D14BD4 /* GlobalKeybindingPreferences.swift in Sources */,
				08A5F86423AA09F300981CA5 /* UserDefault+Extension.swift in Sources */,
				BB00000100000010 /* NSApplication+Settings.swift in Sources */,
				BB00000100000011 /* GlobalKeybindPreferences+NSEvent.swift in Sources */,
			);
			runOnlyForDeploymentPostprocessing = 0;
		};
		DD00004100000001 /* Sources */ = {
			isa = PBXSourcesBuildPhase;
			buildActionMask = 2147483647;
			files = (
				DD00000100000001 /* SettingsStoreTests.swift in Sources */,
				DD00000100000002 /* GlobalKeybindPreferencesTests.swift in Sources */,
				DD00000100000003 /* HotKeyServicingTests.swift in Sources */,
				DD00000100000004 /* StatusBarCoordinatorTests.swift in Sources */,
			);
			runOnlyForDeploymentPostprocessing = 0;
		};
/* End PBXSourcesBuildPhase section */

/* Begin PBXTargetDependency section */
		DD00006200000001 /* PBXTargetDependency */ = {
			isa = PBXTargetDependency;
			target = 929113F021F9D04100173149 /* Speakeasy */;
			targetProxy = DD00006100000001 /* PBXContainerItemProxy */;
		};
/* End PBXTargetDependency section */

/* Begin PBXVariantGroup section */
		967F4B2A24169CAF00F18D3C /* Localizable.strings */ = {
			isa = PBXVariantGroup;
			children = (
				967F4B2924169CAF00F18D3C /* en */,
				967F4B2B24169CB200F18D3C /* zh-Hans */,
				967F4B2C24169CB400F18D3C /* ja */,
				FF57A44B25E6C50200988FC2 /* zh-Hant */,
				B1326445261D7E0200319D35 /* fr */,
				55D9B6B72660F153007AF073 /* vi */,
				55D9B6BA2661DEDA007AF073 /* ar */,
				55D9B6BD2661DEE8007AF073 /* de */,
				55188DF9279A737900A92772 /* hr */,
			);
			name = Localizable.strings;
			sourceTree = "<group>";
		};
/* End PBXVariantGroup section */

/* Begin XCBuildConfiguration section */
		9291141521F9D04200173149 /* Debug */ = {
			isa = XCBuildConfiguration;
			buildSettings = {
				ALWAYS_SEARCH_USER_PATHS = NO;
				CLANG_ANALYZER_LOCALIZABILITY_NONLOCALIZED = YES;
				CLANG_ANALYZER_NONNULL = YES;
				CLANG_ANALYZER_NUMBER_OBJECT_CONVERSION = YES_AGGRESSIVE;
				CLANG_CXX_LANGUAGE_STANDARD = "gnu++14";
				CLANG_CXX_LIBRARY = "libc++";
				CLANG_ENABLE_MODULES = YES;
				CLANG_ENABLE_OBJC_ARC = YES;
				CLANG_ENABLE_OBJC_WEAK = YES;
				CLANG_WARN_BLOCK_CAPTURE_AUTORELEASING = YES;
				CLANG_WARN_BOOL_CONVERSION = YES;
				CLANG_WARN_COMMA = YES;
				CLANG_WARN_CONSTANT_CONVERSION = YES;
				CLANG_WARN_DEPRECATED_OBJC_IMPLEMENTATIONS = YES;
				CLANG_WARN_DIRECT_OBJC_ISA_USAGE = YES_ERROR;
				CLANG_WARN_DOCUMENTATION_COMMENTS = YES;
				CLANG_WARN_EMPTY_BODY = YES;
				CLANG_WARN_ENUM_CONVERSION = YES;
				CLANG_WARN_INFINITE_RECURSION = YES;
				CLANG_WARN_INT_CONVERSION = YES;
				CLANG_WARN_NON_LITERAL_NULL_CONVERSION = YES;
				CLANG_WARN_OBJC_IMPLICIT_RETAIN_SELF = YES;
				CLANG_WARN_OBJC_LITERAL_CONVERSION = YES;
				CLANG_WARN_OBJC_ROOT_CLASS = YES_ERROR;
				CLANG_WARN_RANGE_LOOP_ANALYSIS = YES;
				CLANG_WARN_STRICT_PROTOTYPES = YES;
				CLANG_WARN_SUSPICIOUS_MOVE = YES;
				CLANG_WARN_UNGUARDED_AVAILABILITY = YES_AGGRESSIVE;
				CLANG_WARN_UNREACHABLE_CODE = YES;
				CLANG_WARN__DUPLICATE_METHOD_MATCH = YES;
				CODE_SIGN_IDENTITY = "-";
				COPY_PHASE_STRIP = NO;
				DEBUG_INFORMATION_FORMAT = dwarf;
				ENABLE_STRICT_OBJC_MSGSEND = YES;
				ENABLE_TESTABILITY = YES;
				GCC_C_LANGUAGE_STANDARD = gnu11;
				GCC_DYNAMIC_NO_PIC = NO;
				GCC_NO_COMMON_BLOCKS = YES;
				GCC_OPTIMIZATION_LEVEL = 0;
				GCC_PREPROCESSOR_DEFINITIONS = (
					"DEBUG=1",
					"$(inherited)",
				);
				GCC_WARN_64_TO_32_BIT_CONVERSION = YES;
				GCC_WARN_ABOUT_RETURN_TYPE = YES_ERROR;
				GCC_WARN_UNDECLARED_SELECTOR = YES;
				GCC_WARN_UNINITIALIZED_AUTOS = YES_AGGRESSIVE;
				GCC_WARN_UNUSED_FUNCTION = YES;
				GCC_WARN_UNUSED_VARIABLE = YES;
				MACOSX_DEPLOYMENT_TARGET = 13.0;
				MTL_ENABLE_DEBUG_INFO = INCLUDE_SOURCE;
				MTL_FAST_MATH = YES;
				ONLY_ACTIVE_ARCH = YES;
				SDKROOT = macosx;
				SWIFT_ACTIVE_COMPILATION_CONDITIONS = DEBUG;
				SWIFT_OPTIMIZATION_LEVEL = "-Onone";
			};
			name = Debug;
		};
		9291141621F9D04200173149 /* Release */ = {
			isa = XCBuildConfiguration;
			buildSettings = {
				ALWAYS_SEARCH_USER_PATHS = NO;
				CLANG_ANALYZER_LOCALIZABILITY_NONLOCALIZED = YES;
				CLANG_ANALYZER_NONNULL = YES;
				CLANG_ANALYZER_NUMBER_OBJECT_CONVERSION = YES_AGGRESSIVE;
				CLANG_CXX_LANGUAGE_STANDARD = "gnu++14";
				CLANG_CXX_LIBRARY = "libc++";
				CLANG_ENABLE_MODULES = YES;
				CLANG_ENABLE_OBJC_ARC = YES;
				CLANG_ENABLE_OBJC_WEAK = YES;
				CLANG_WARN_BLOCK_CAPTURE_AUTORELEASING = YES;
				CLANG_WARN_BOOL_CONVERSION = YES;
				CLANG_WARN_COMMA = YES;
				CLANG_WARN_CONSTANT_CONVERSION = YES;
				CLANG_WARN_DEPRECATED_OBJC_IMPLEMENTATIONS = YES;
				CLANG_WARN_DIRECT_OBJC_ISA_USAGE = YES_ERROR;
				CLANG_WARN_DOCUMENTATION_COMMENTS = YES;
				CLANG_WARN_EMPTY_BODY = YES;
				CLANG_WARN_ENUM_CONVERSION = YES;
				CLANG_WARN_INFINITE_RECURSION = YES;
				CLANG_WARN_INT_CONVERSION = YES;
				CLANG_WARN_NON_LITERAL_NULL_CONVERSION = YES;
				CLANG_WARN_OBJC_IMPLICIT_RETAIN_SELF = YES;
				CLANG_WARN_OBJC_LITERAL_CONVERSION = YES;
				CLANG_WARN_OBJC_ROOT_CLASS = YES_ERROR;
				CLANG_WARN_RANGE_LOOP_ANALYSIS = YES;
				CLANG_WARN_STRICT_PROTOTYPES = YES;
				CLANG_WARN_SUSPICIOUS_MOVE = YES;
				CLANG_WARN_UNGUARDED_AVAILABILITY = YES_AGGRESSIVE;
				CLANG_WARN_UNREACHABLE_CODE = YES;
				CLANG_WARN__DUPLICATE_METHOD_MATCH = YES;
				CODE_SIGN_IDENTITY = "-";
				COPY_PHASE_STRIP = NO;
				DEBUG_INFORMATION_FORMAT = "dwarf-with-dsym";
				ENABLE_NS_ASSERTIONS = NO;
				ENABLE_STRICT_OBJC_MSGSEND = YES;
				GCC_C_LANGUAGE_STANDARD = gnu11;
				GCC_NO_COMMON_BLOCKS = YES;
				GCC_WARN_64_TO_32_BIT_CONVERSION = YES;
				GCC_WARN_ABOUT_RETURN_TYPE = YES_ERROR;
				GCC_WARN_UNDECLARED_SELECTOR = YES;
				GCC_WARN_UNINITIALIZED_AUTOS = YES_AGGRESSIVE;
				GCC_WARN_UNUSED_FUNCTION = YES;
				GCC_WARN_UNUSED_VARIABLE = YES;
				MACOSX_DEPLOYMENT_TARGET = 13.0;
				MTL_ENABLE_DEBUG_INFO = NO;
				MTL_FAST_MATH = YES;
				SDKROOT = macosx;
				SWIFT_COMPILATION_MODE = wholemodule;
				SWIFT_OPTIMIZATION_LEVEL = "-O";
			};
			name = Release;
		};
		9291141821F9D04200173149 /* Debug */ = {
			isa = XCBuildConfiguration;
			buildSettings = {
				ASSETCATALOG_COMPILER_APPICON_NAME = AppIcon;
				CODE_SIGN_ENTITLEMENTS = hidden/Speakeasy.entitlements;
				CODE_SIGN_IDENTITY = "Mac Developer";
				CODE_SIGN_STYLE = Automatic;
				COMBINE_HIDPI_IMAGES = YES;
				CURRENT_PROJECT_VERSION = 13;
				ENABLE_HARDENED_RUNTIME = YES;
				INFOPLIST_FILE = hidden/Info.plist;
				LD_RUNPATH_SEARCH_PATHS = (
					"$(inherited)",
					"@executable_path/../Frameworks",
				);
				MACOSX_DEPLOYMENT_TARGET = 13.0;
				MARKETING_VERSION = 1.8;
				PRODUCT_BUNDLE_IDENTIFIER = com.speakeasy.app;
				PRODUCT_NAME = "$(TARGET_NAME)";
				PROVISIONING_PROFILE_SPECIFIER = "";
				SWIFT_VERSION = 5.0;
			};
			name = Debug;
		};
		9291141921F9D04200173149 /* Release */ = {
			isa = XCBuildConfiguration;
			buildSettings = {
				ASSETCATALOG_COMPILER_APPICON_NAME = AppIcon;
				CODE_SIGN_ENTITLEMENTS = hidden/Speakeasy.entitlements;
				CODE_SIGN_IDENTITY = "Mac Developer";
				CODE_SIGN_STYLE = Automatic;
				COMBINE_HIDPI_IMAGES = YES;
				CURRENT_PROJECT_VERSION = 13;
				ENABLE_HARDENED_RUNTIME = YES;
				INFOPLIST_FILE = hidden/Info.plist;
				LD_RUNPATH_SEARCH_PATHS = (
					"$(inherited)",
					"@executable_path/../Frameworks",
				);
				MACOSX_DEPLOYMENT_TARGET = 13.0;
				MARKETING_VERSION = 1.8;
				PRODUCT_BUNDLE_IDENTIFIER = com.speakeasy.app;
				PRODUCT_NAME = "$(TARGET_NAME)";
				PROVISIONING_PROFILE_SPECIFIER = "";
				SWIFT_VERSION = 5.0;
			};
			name = Release;
		};
		DD00005200000001 /* Debug */ = {
			isa = XCBuildConfiguration;
			buildSettings = {
				BUNDLE_LOADER = "$(TEST_HOST)";
				CODE_SIGN_STYLE = Automatic;
				GENERATE_INFOPLIST_FILE = YES;
				MACOSX_DEPLOYMENT_TARGET = 13.0;
				PRODUCT_BUNDLE_IDENTIFIER = com.speakeasy.app.tests;
				PRODUCT_NAME = "$(TARGET_NAME)";
				SWIFT_VERSION = 5.0;
				TEST_HOST = "$(BUILT_PRODUCTS_DIR)/Speakeasy.app/Contents/MacOS/Speakeasy";
			};
			name = Debug;
		};
		DD00005300000001 /* Release */ = {
			isa = XCBuildConfiguration;
			buildSettings = {
				BUNDLE_LOADER = "$(TEST_HOST)";
				CODE_SIGN_STYLE = Automatic;
				GENERATE_INFOPLIST_FILE = YES;
				MACOSX_DEPLOYMENT_TARGET = 13.0;
				PRODUCT_BUNDLE_IDENTIFIER = com.speakeasy.app.tests;
				PRODUCT_NAME = "$(TARGET_NAME)";
				SWIFT_VERSION = 5.0;
				TEST_HOST = "$(BUILT_PRODUCTS_DIR)/Speakeasy.app/Contents/MacOS/Speakeasy";
			};
			name = Release;
		};
/* End XCBuildConfiguration section */

/* Begin XCConfigurationList section */
		929113EC21F9D04100173149 /* Build configuration list for PBXProject "Speakeasy" */ = {
			isa = XCConfigurationList;
			buildConfigurations = (
				9291141521F9D04200173149 /* Debug */,
				9291141621F9D04200173149 /* Release */,
			);
			defaultConfigurationIsVisible = 0;
			defaultConfigurationName = Release;
		};
		9291141721F9D04200173149 /* Build configuration list for PBXNativeTarget "Speakeasy" */ = {
			isa = XCConfigurationList;
			buildConfigurations = (
				9291141821F9D04200173149 /* Debug */,
				9291141921F9D04200173149 /* Release */,
			);
			defaultConfigurationIsVisible = 0;
			defaultConfigurationName = Release;
		};
		DD00005100000001 /* Build configuration list for PBXNativeTarget "SpeakeasyTests" */ = {
			isa = XCConfigurationList;
			buildConfigurations = (
				DD00005200000001 /* Debug */,
				DD00005300000001 /* Release */,
			);
			defaultConfigurationIsVisible = 0;
			defaultConfigurationName = Release;
		};
/* End XCConfigurationList section */

/* Begin XCRemoteSwiftPackageReference section */
		08A5F85D23AA01EE00981CA5 /* XCRemoteSwiftPackageReference "HotKey" */ = {
			isa = XCRemoteSwiftPackageReference;
			repositoryURL = "https://github.com/soffes/HotKey/";
			requirement = {
				kind = upToNextMajorVersion;
				minimumVersion = 0.1.3;
			};
		};
/* End XCRemoteSwiftPackageReference section */

/* Begin XCSwiftPackageProductDependency section */
		08A5F85E23AA01EE00981CA5 /* HotKey */ = {
			isa = XCSwiftPackageProductDependency;
			package = 08A5F85D23AA01EE00981CA5 /* XCRemoteSwiftPackageReference "HotKey" */;
			productName = HotKey;
		};
/* End XCSwiftPackageProductDependency section */
	};
	rootObject = 929113E921F9D04100173149 /* Project object */;
}
